PODS:
  - CocoaMQTT (2.2.3):
    - CocoaMQTT/Core (= 2.2.3)
  - CocoaMQTT/Core (2.2.3):
    - MqttCocoaAsyncSocket (~> 1.0.8)
  - Flutter (1.0.0)
  - MqttCocoaAsyncSocket (1.0.8)
  - PNProtocol (0.2.1):
    - CocoaMQTT (~> 2.1)
  - rivium_sync (0.1.0):
    - Flutter
    - RiviumSync (~> 0.1)
  - RiviumSync (0.1.0):
    - PNProtocol (~> 0.2)

DEPENDENCIES:
  - Flutter (from `Flutter`)
  - rivium_sync (from `.symlinks/plugins/rivium_sync/ios`)

SPEC REPOS:
  trunk:
    - CocoaMQTT
    - MqttCocoaAsyncSocket
    - PNProtocol
    - RiviumSync

EXTERNAL SOURCES:
  Flutter:
    :path: Flutter
  rivium_sync:
    :path: ".symlinks/plugins/rivium_sync/ios"

SPEC CHECKSUMS:
  CocoaMQTT: 2889e233a2427ed012d67c9f50c91053f7c1faf6
  Flutter: cabc95a1d2626b1b06e7179b784ebcf0c0cde467
  MqttCocoaAsyncSocket: 77d3b74f76228dd5a05d1f9526eab101d415b30c
  PNProtocol: ba53bccd366f2e20b69cdd2fa32cf536da1ac387
  rivium_sync: acb2fe5d9845d9bb2d7b184c0ade02f4b13408dd
  RiviumSync: 6177a9ace68debd266eb3c07fdc37e4248345b4c

PODFILE CHECKSUM: a57f30d18f102dd3ce366b1d62a55ecbef2158e5

COCOAPODS: 1.16.2
